
Microsoft Visual Studio Solution File, Format Version 12.00
# Visual Studio 15
VisualStudioVersion = 15.0.28307.1778
MinimumVisualStudioVersion = 10.0.40219.1
Project("{FAE04EC0-301F-11D3-BF4B-00C04F79EFBC}") = "CleanBlog.UI.MVC", "CleanBlog.UI.MVC\CleanBlog.UI.MVC.csproj", "{9F2D884C-2240-4C0F-B41B-5F2C0CBD9195}"
EndProject
Project("{2150E333-8FDC-42A3-9474-1A3956D46DE8}") = "Solution Items", "Solution Items", "{2FA2E941-F70F-4D3C-8EE6-290F9FA1A422}"
	ProjectSection(SolutionItems) = preProject
		.gitignore = .gitignore
	EndProjectSection
EndProject
Project("{FAE04EC0-301F-11D3-BF4B-00C04F79EFBC}") = "CleanBlog.DATA.EF", "CleanBlon.DATA.EF\CleanBlog.DATA.EF.csproj", "{2E3AC949-CE12-42D2-8163-4AACCE3FBDB4}"
EndProject
Global
	GlobalSection(SolutionConfigurationPlatforms) = preSolution
		Debug|Any CPU = Debug|Any CPU
		Release|Any CPU = Release|Any CPU
	EndGlobalSection
	GlobalSection(ProjectConfigurationPlatforms) = postSolution
		{9F2D884C-2240-4C0F-B41B-5F2C0CBD9195}.Debug|Any CPU.ActiveCfg = Debug|Any CPU
		{9F2D884C-2240-4C0F-B41B-5F2C0CBD9195}.Debug|Any CPU.Build.0 = Debug|Any CPU
		{9F2D884C-2240-4C0F-B41B-5F2C0CBD9195}.Release|Any CPU.ActiveCfg = Release|Any CPU
		{9F2D884C-2240-4C0F-B41B-5F2C0CBD9195}.Release|Any CPU.Build.0 = Release|Any CPU
		{2E3AC949-CE12-42D2-8163-4AACCE3FBDB4}.Debug|Any CPU.ActiveCfg = Debug|Any CPU
		{2E3AC949-CE12-42D2-8163-4AACCE3FBDB4}.Debug|Any CPU.Build.0 = Debug|Any CPU
		{2E3AC949-CE12-42D2-8163-4AACCE3FBDB4}.Release|Any CPU.ActiveCfg = Release|Any CPU
		{2E3AC949-CE12-42D2-8163-4AACCE3FBDB4}.Release|Any CPU.Build.0 = Release|Any CPU
	EndGlobalSection
	GlobalSection(SolutionProperties) = preSolution
		HideSolutionNode = FALSE
	EndGlobalSection
	GlobalSection(ExtensibilityGlobals) = postSolution
		SolutionGuid = {69FC377C-D1DF-46CA-9338-E627C53AEF91}
	EndGlobalSection
EndGlobal
